
Microsoft Visual Studio Solution File, Format Version 12.00
# Visual Studio Version 17
VisualStudioVersion = 17.10.35122.118
MinimumVisualStudioVersion = 10.0.40219.1
Project("{FAE04EC0-301F-11D3-BF4B-00C04F79EFBC}") = "DemoFristProjectCSharp", "DemoFristProjectCSharp\DemoFristProjectCSharp.csproj", "{9F407AD9-8BAD-448E-8AAC-1511A9751BFD}"
EndProject
Global
	GlobalSection(SolutionConfigurationPlatforms) = preSolution
		Debug|Any CPU = Debug|Any CPU
		Release|Any CPU = Release|Any CPU
	EndGlobalSection
	GlobalSection(ProjectConfigurationPlatforms) = postSolution
		{9F407AD9-8BAD-448E-8AAC-1511A9751BFD}.Debug|Any CPU.ActiveCfg = Debug|Any CPU
		{9F407AD9-8BAD-448E-8AAC-1511A9751BFD}.Debug|Any CPU.Build.0 = Debug|Any CPU
		{9F407AD9-8BAD-448E-8AAC-1511A9751BFD}.Release|Any CPU.ActiveCfg = Release|Any CPU
		{9F407AD9-8BAD-448E-8AAC-1511A9751BFD}.Release|Any CPU.Build.0 = Release|Any CPU
	EndGlobalSection
	GlobalSection(SolutionProperties) = preSolution
		HideSolutionNode = FALSE
	EndGlobalSection
	GlobalSection(ExtensibilityGlobals) = postSolution
		SolutionGuid = {313B8004-3366-4474-9C63-D3C435D1F77A}
	EndGlobalSection
EndGlobal
